<Solution>
  <Folder Name="/src/">
    <Project Path="src/AndreGoepel.UrlShortener/AndreGoepel.UrlShortener.csproj" />
    <Project Path="src/AndreGoepel.UrlShortener.AppHost/AndreGoepel.UrlShortener.AppHost.csproj" />
  </Folder>
  <Folder Name="/tests/">
    <Project Path="tests/AndreGoepel.UrlShortener.Tests/AndreGoepel.UrlShortener.Tests.csproj" />
    <Project Path="tests/AndreGoepel.UrlShortener.IntegrationTests/AndreGoepel.UrlShortener.IntegrationTests.csproj" />
    <Project Path="tests/AndreGoepel.UrlShortener.E2ETests/AndreGoepel.UrlShortener.E2ETests.csproj" />
  </Folder>
</Solution>
